PODS:
  - cupertino_http (0.0.1):
    - Flutter
    - FlutterMacOS
  - flutter_inappwebview_macos (0.0.1):
    - FlutterMacOS
    - OrderedSet (~> 6.0.3)
  - FlutterMacOS (1.0.0)
  - OrderedSet (6.0.3)
  - screen_brightness_macos (0.1.0):
    - FlutterMacOS

DEPENDENCIES:
  - cupertino_http (from `Flutter/ephemeral/.symlinks/plugins/cupertino_http/darwin`)
  - flutter_inappwebview_macos (from `Flutter/ephemeral/.symlinks/plugins/flutter_inappwebview_macos/macos`)
  - FlutterMacOS (from `Flutter/ephemeral`)
  - screen_brightness_macos (from `Flutter/ephemeral/.symlinks/plugins/screen_brightness_macos/macos`)

SPEC REPOS:
  trunk:
    - OrderedSet

EXTERNAL SOURCES:
  cupertino_http:
    :path: Flutter/ephemeral/.symlinks/plugins/cupertino_http/darwin
  flutter_inappwebview_macos:
    :path: Flutter/ephemeral/.symlinks/plugins/flutter_inappwebview_macos/macos
  FlutterMacOS:
    :path: Flutter/ephemeral
  screen_brightness_macos:
    :path: Flutter/ephemeral/.symlinks/plugins/screen_brightness_macos/macos

SPEC CHECKSUMS:
  cupertino_http: 947a233f40cfea55167a49f2facc18434ea117ba
  flutter_inappwebview_macos: bdf207b8f4ebd58e86ae06cd96b147de99a67c9b
  FlutterMacOS: d0db08ddef1a9af05a5ec4b724367152bb0500b1
  OrderedSet: e539b66b644ff081c73a262d24ad552a69be3a94
  screen_brightness_macos: 2d6d3af2165592d9a55ffcd95b7550970e41ebda

PODFILE CHECKSUM: a21a47a958fb1539914f62d82b4c176259fadbb6

COCOAPODS: 1.16.2
